
Microsoft Visual Studio Solution File, Format Version 12.00
# Visual Studio Version 17
VisualStudioVersion = 17.9.34607.119
MinimumVisualStudioVersion = 10.0.40219.1
Project("{9A19103F-16F7-4668-BE54-9A1E7A4F7556}") = "TodoWebApi", "TodoWebApi.csproj", "{07E8681B-88F9-4909-B3AE-87BDC74DDFBF}"
EndProject
Project("{FAE04EC0-301F-11D3-BF4B-00C04F79EFBC}") = "Application", "..\Application\Application.csproj", "{C47188D6-AACF-417A-A2CE-CC9D2F242C9C}"
EndProject
Project("{FAE04EC0-301F-11D3-BF4B-00C04F79EFBC}") = "Infrastructure", "..\Infrastructure\Infrastructure.csproj", "{C45085C2-CBC2-4C59-81E2-0333B8805733}"
EndProject
Project("{FAE04EC0-301F-11D3-BF4B-00C04F79EFBC}") = "Domain", "..\Domain\Domain.csproj", "{35A98D56-AC46-4DB7-94FC-02DE7790BCCB}"
EndProject
Project("{FAE04EC0-301F-11D3-BF4B-00C04F79EFBC}") = "Shared", "..\Shared\Shared.csproj", "{617D0B19-40C6-4022-91F5-0483F8C916A3}"
EndProject
Global
	GlobalSection(SolutionConfigurationPlatforms) = preSolution
		Debug|Any CPU = Debug|Any CPU
		Release|Any CPU = Release|Any CPU
	EndGlobalSection
	GlobalSection(ProjectConfigurationPlatforms) = postSolution
		{07E8681B-88F9-4909-B3AE-87BDC74DDFBF}.Debug|Any CPU.ActiveCfg = Debug|Any CPU
		{07E8681B-88F9-4909-B3AE-87BDC74DDFBF}.Debug|Any CPU.Build.0 = Debug|Any CPU
		{07E8681B-88F9-4909-B3AE-87BDC74DDFBF}.Release|Any CPU.ActiveCfg = Release|Any CPU
		{07E8681B-88F9-4909-B3AE-87BDC74DDFBF}.Release|Any CPU.Build.0 = Release|Any CPU
		{C47188D6-AACF-417A-A2CE-CC9D2F242C9C}.Debug|Any CPU.ActiveCfg = Debug|Any CPU
		{C47188D6-AACF-417A-A2CE-CC9D2F242C9C}.Debug|Any CPU.Build.0 = Debug|Any CPU
		{C47188D6-AACF-417A-A2CE-CC9D2F242C9C}.Release|Any CPU.ActiveCfg = Release|Any CPU
		{C47188D6-AACF-417A-A2CE-CC9D2F242C9C}.Release|Any CPU.Build.0 = Release|Any CPU
		{C45085C2-CBC2-4C59-81E2-0333B8805733}.Debug|Any CPU.ActiveCfg = Debug|Any CPU
		{C45085C2-CBC2-4C59-81E2-0333B8805733}.Debug|Any CPU.Build.0 = Debug|Any CPU
		{C45085C2-CBC2-4C59-81E2-0333B8805733}.Release|Any CPU.ActiveCfg = Release|Any CPU
		{C45085C2-CBC2-4C59-81E2-0333B8805733}.Release|Any CPU.Build.0 = Release|Any CPU
		{35A98D56-AC46-4DB7-94FC-02DE7790BCCB}.Debug|Any CPU.ActiveCfg = Debug|Any CPU
		{35A98D56-AC46-4DB7-94FC-02DE7790BCCB}.Debug|Any CPU.Build.0 = Debug|Any CPU
		{35A98D56-AC46-4DB7-94FC-02DE7790BCCB}.Release|Any CPU.ActiveCfg = Release|Any CPU
		{35A98D56-AC46-4DB7-94FC-02DE7790BCCB}.Release|Any CPU.Build.0 = Release|Any CPU
		{617D0B19-40C6-4022-91F5-0483F8C916A3}.Debug|Any CPU.ActiveCfg = Debug|Any CPU
		{617D0B19-40C6-4022-91F5-0483F8C916A3}.Debug|Any CPU.Build.0 = Debug|Any CPU
		{617D0B19-40C6-4022-91F5-0483F8C916A3}.Release|Any CPU.ActiveCfg = Release|Any CPU
		{617D0B19-40C6-4022-91F5-0483F8C916A3}.Release|Any CPU.Build.0 = Release|Any CPU
	EndGlobalSection
	GlobalSection(SolutionProperties) = preSolution
		HideSolutionNode = FALSE
	EndGlobalSection
	GlobalSection(ExtensibilityGlobals) = postSolution
		SolutionGuid = {054E2689-95B0-4CFF-A774-0BE93216C889}
	EndGlobalSection
EndGlobal
